// !$*UTF8*$!
{
	archiveVersion = 1;
	classes = {
	};
	objectVersion = 51;
	objects = {

/* Begin PBXBuildFile section */
		1DE89D06D7BB6F4FD6816F4B /* Pods_APIClient.framework in Frameworks */ = {isa = PBXBuildFile; fileRef = 313E81889BB00E41B0220517 /* Pods_APIClient.framework */; };
		A3150831232EBC4000761F9A /* AppDelegate.swift in Sources */ = {isa = PBXBuildFile; fileRef = A3150830232EBC4000761F9A /* AppDelegate.swift */; };
		A3150833232EBC4000761F9A /* ViewController.swift in Sources */ = {isa = PBXBuildFile; fileRef = A3150832232EBC4000761F9A /* ViewController.swift */; };
		A3150836232EBC4000761F9A /* Main.storyboard in Resources */ = {isa = PBXBuildFile; fileRef = A3150834232EBC4000761F9A /* Main.storyboard */; };
		A3150838232EBC4100761F9A /* Assets.xcassets in Resources */ = {isa = PBXBuildFile; fileRef = A3150837232EBC4100761F9A /* Assets.xcassets */; };
		A315083B232EBC4100761F9A /* LaunchScreen.storyboard in Resources */ = {isa = PBXBuildFile; fileRef = A3150839232EBC4100761F9A /* LaunchScreen.storyboard */; };
		A3150846232FDF7300761F9A /* User.swift in Sources */ = {isa = PBXBuildFile; fileRef = A3150845232FDF7300761F9A /* User.swift */; };
		A3150849232FE7F900761F9A /* user.json in Resources */ = {isa = PBXBuildFile; fileRef = A3150848232FE7F900761F9A /* user.json */; };
		A315084D2330010600761F9A /* Default+CustomStringConvertible.swift in Sources */ = {isa = PBXBuildFile; fileRef = A315084C2330010600761F9A /* Default+CustomStringConvertible.swift */; };
		A3600942235259C600314C8C /* Alamofire+Foundation.swift in Sources */ = {isa = PBXBuildFile; fileRef = A3600937235259C600314C8C /* Alamofire+Foundation.swift */; };
		A3600943235259C600314C8C /* ApiClient+Utils.swift in Sources */ = {isa = PBXBuildFile; fileRef = A3600938235259C600314C8C /* ApiClient+Utils.swift */; };
		A3600945235259C600314C8C /* APIClient.swift in Sources */ = {isa = PBXBuildFile; fileRef = A360093A235259C600314C8C /* APIClient.swift */; };
		A3600946235259C600314C8C /* APIClientError.swift in Sources */ = {isa = PBXBuildFile; fileRef = A360093C235259C600314C8C /* APIClientError.swift */; };
		A3600947235259C600314C8C /* APIRemoteError.swift in Sources */ = {isa = PBXBuildFile; fileRef = A360093D235259C600314C8C /* APIRemoteError.swift */; };
		A3600948235259C600314C8C /* APIRuntimeError.swift in Sources */ = {isa = PBXBuildFile; fileRef = A360093E235259C600314C8C /* APIRuntimeError.swift */; };
		A3600949235259C600314C8C /* APITimeoutError.swift in Sources */ = {isa = PBXBuildFile; fileRef = A360093F235259C600314C8C /* APITimeoutError.swift */; };
		A360094A235259C600314C8C /* APITransportError.swift in Sources */ = {isa = PBXBuildFile; fileRef = A3600940235259C600314C8C /* APITransportError.swift */; };
		A360094B235259C600314C8C /* Alamofire+TypedResponse.swift in Sources */ = {isa = PBXBuildFile; fileRef = A3600941235259C600314C8C /* Alamofire+TypedResponse.swift */; };
		A360095323525BBC00314C8C /* CustomAPIClientDelegate.swift in Sources */ = {isa = PBXBuildFile; fileRef = A360095223525AA200314C8C /* CustomAPIClientDelegate.swift */; };
		A360095823525BED00314C8C /* APIIncompatibleAppVersionError.swift in Sources */ = {isa = PBXBuildFile; fileRef = A360095523525BED00314C8C /* APIIncompatibleAppVersionError.swift */; };
		A360095923525BED00314C8C /* APIServerOnMaintenanceError.swift in Sources */ = {isa = PBXBuildFile; fileRef = A360095623525BED00314C8C /* APIServerOnMaintenanceError.swift */; };
		A360095A23525BED00314C8C /* APIUnauthorizedError.swift in Sources */ = {isa = PBXBuildFile; fileRef = A360095723525BED00314C8C /* APIUnauthorizedError.swift */; };
		A3B84031232EBD1C007DBBD8 /* APIRequest.swift in Sources */ = {isa = PBXBuildFile; fileRef = A3B84017232EBD1C007DBBD8 /* APIRequest.swift */; };
		A3B84032232EBD1C007DBBD8 /* FixedEndpointApiRequest.swift in Sources */ = {isa = PBXBuildFile; fileRef = A3B84018232EBD1C007DBBD8 /* FixedEndpointApiRequest.swift */; };
		A3B84033232EBD1C007DBBD8 /* RestAPIRequest.swift in Sources */ = {isa = PBXBuildFile; fileRef = A3B84019232EBD1C007DBBD8 /* RestAPIRequest.swift */; };
		A3B84040232EBD1C007DBBD8 /* UserRequest.swift in Sources */ = {isa = PBXBuildFile; fileRef = A3B8402A232EBD1C007DBBD8 /* UserRequest.swift */; };
		A3D63BA82355CE5D004B8A9D /* APIClient.strings in Resources */ = {isa = PBXBuildFile; fileRef = A3D63BA52355CE5C004B8A9D /* APIClient.strings */; };
/* End PBXBuildFile section */

/* Begin PBXFileReference section */
		15CB19F417ED492C379ACA96 /* Pods-APIClient.debug.xcconfig */ = {isa = PBXFileReference; includeInIndex = 1; lastKnownFileType = text.xcconfig; name = "Pods-APIClient.debug.xcconfig"; path = "Pods/Target Support Files/Pods-APIClient/Pods-APIClient.debug.xcconfig"; sourceTree = "<group>"; };
		313E81889BB00E41B0220517 /* Pods_APIClient.framework */ = {isa = PBXFileReference; explicitFileType = wrapper.framework; includeInIndex = 0; path = Pods_APIClient.framework; sourceTree = BUILT_PRODUCTS_DIR; };
		75F0D637BC41CC5DE6625CFF /* Pods-Networking.debug.xcconfig */ = {isa = PBXFileReference; includeInIndex = 1; lastKnownFileType = text.xcconfig; name = "Pods-Networking.debug.xcconfig"; path = "Pods/Target Support Files/Pods-Networking/Pods-Networking.debug.xcconfig"; sourceTree = "<group>"; };
		A315082D232EBC4000761F9A /* APIClient.app */ = {isa = PBXFileReference; explicitFileType = wrapper.application; includeInIndex = 0; path = APIClient.app; sourceTree = BUILT_PRODUCTS_DIR; };
		A3150830232EBC4000761F9A /* AppDelegate.swift */ = {isa = PBXFileReference; lastKnownFileType = sourcecode.swift; path = AppDelegate.swift; sourceTree = "<group>"; };
		A3150832232EBC4000761F9A /* ViewController.swift */ = {isa = PBXFileReference; lastKnownFileType = sourcecode.swift; path = ViewController.swift; sourceTree = "<group>"; };
		A3150835232EBC4000761F9A /* Base */ = {isa = PBXFileReference; lastKnownFileType = file.storyboard; name = Base; path = Base.lproj/Main.storyboard; sourceTree = "<group>"; };
		A3150837232EBC4100761F9A /* Assets.xcassets */ = {isa = PBXFileReference; lastKnownFileType = folder.assetcatalog; path = Assets.xcassets; sourceTree = "<group>"; };
		A315083A232EBC4100761F9A /* Base */ = {isa = PBXFileReference; lastKnownFileType = file.storyboard; name = Base; path = Base.lproj/LaunchScreen.storyboard; sourceTree = "<group>"; };
		A315083C232EBC4100761F9A /* Info.plist */ = {isa = PBXFileReference; lastKnownFileType = text.plist.xml; path = Info.plist; sourceTree = "<group>"; };
		A3150845232FDF7300761F9A /* User.swift */ = {isa = PBXFileReference; fileEncoding = 4; lastKnownFileType = sourcecode.swift; path = User.swift; sourceTree = "<group>"; };
		A3150848232FE7F900761F9A /* user.json */ = {isa = PBXFileReference; lastKnownFileType = text.json; path = user.json; sourceTree = "<group>"; };
		A315084C2330010600761F9A /* Default+CustomStringConvertible.swift */ = {isa = PBXFileReference; lastKnownFileType = sourcecode.swift; path = "Default+CustomStringConvertible.swift"; sourceTree = "<group>"; };
		A3600937235259C600314C8C /* Alamofire+Foundation.swift */ = {isa = PBXFileReference; fileEncoding = 4; lastKnownFileType = sourcecode.swift; path = "Alamofire+Foundation.swift"; sourceTree = "<group>"; };
		A3600938235259C600314C8C /* ApiClient+Utils.swift */ = {isa = PBXFileReference; fileEncoding = 4; lastKnownFileType = sourcecode.swift; path = "ApiClient+Utils.swift"; sourceTree = "<group>"; };
		A360093A235259C600314C8C /* APIClient.swift */ = {isa = PBXFileReference; fileEncoding = 4; lastKnownFileType = sourcecode.swift; path = APIClient.swift; sourceTree = "<group>"; };
		A360093C235259C600314C8C /* APIClientError.swift */ = {isa = PBXFileReference; fileEncoding = 4; lastKnownFileType = sourcecode.swift; path = APIClientError.swift; sourceTree = "<group>"; };
		A360093D235259C600314C8C /* APIRemoteError.swift */ = {isa = PBXFileReference; fileEncoding = 4; lastKnownFileType = sourcecode.swift; path = APIRemoteError.swift; sourceTree = "<group>"; };
		A360093E235259C600314C8C /* APIRuntimeError.swift */ = {isa = PBXFileReference; fileEncoding = 4; lastKnownFileType = sourcecode.swift; path = APIRuntimeError.swift; sourceTree = "<group>"; };
		A360093F235259C600314C8C /* APITimeoutError.swift */ = {isa = PBXFileReference; fileEncoding = 4; lastKnownFileType = sourcecode.swift; path = APITimeoutError.swift; sourceTree = "<group>"; };
		A3600940235259C600314C8C /* APITransportError.swift */ = {isa = PBXFileReference; fileEncoding = 4; lastKnownFileType = sourcecode.swift; path = APITransportError.swift; sourceTree = "<group>"; };
		A3600941235259C600314C8C /* Alamofire+TypedResponse.swift */ = {isa = PBXFileReference; fileEncoding = 4; lastKnownFileType = sourcecode.swift; path = "Alamofire+TypedResponse.swift"; sourceTree = "<group>"; };
		A360095223525AA200314C8C /* CustomAPIClientDelegate.swift */ = {isa = PBXFileReference; lastKnownFileType = sourcecode.swift; path = CustomAPIClientDelegate.swift; sourceTree = "<group>"; };
		A360095523525BED00314C8C /* APIIncompatibleAppVersionError.swift */ = {isa = PBXFileReference; fileEncoding = 4; lastKnownFileType = sourcecode.swift; path = APIIncompatibleAppVersionError.swift; sourceTree = "<group>"; };
		A360095623525BED00314C8C /* APIServerOnMaintenanceError.swift */ = {isa = PBXFileReference; fileEncoding = 4; lastKnownFileType = sourcecode.swift; path = APIServerOnMaintenanceError.swift; sourceTree = "<group>"; };
		A360095723525BED00314C8C /* APIUnauthorizedError.swift */ = {isa = PBXFileReference; fileEncoding = 4; lastKnownFileType = sourcecode.swift; path = APIUnauthorizedError.swift; sourceTree = "<group>"; };
		A3B84017232EBD1C007DBBD8 /* APIRequest.swift */ = {isa = PBXFileReference; fileEncoding = 4; lastKnownFileType = sourcecode.swift; path = APIRequest.swift; sourceTree = "<group>"; };
		A3B84018232EBD1C007DBBD8 /* FixedEndpointApiRequest.swift */ = {isa = PBXFileReference; fileEncoding = 4; lastKnownFileType = sourcecode.swift; path = FixedEndpointApiRequest.swift; sourceTree = "<group>"; };
		A3B84019232EBD1C007DBBD8 /* RestAPIRequest.swift */ = {isa = PBXFileReference; fileEncoding = 4; lastKnownFileType = sourcecode.swift; path = RestAPIRequest.swift; sourceTree = "<group>"; };
		A3B8402A232EBD1C007DBBD8 /* UserRequest.swift */ = {isa = PBXFileReference; fileEncoding = 4; lastKnownFileType = sourcecode.swift; path = UserRequest.swift; sourceTree = "<group>"; };
		A3D63BA32355CCA3004B8A9D /* APIClient.podspec */ = {isa = PBXFileReference; lastKnownFileType = text; path = APIClient.podspec; sourceTree = "<group>"; };
		A3D63BA62355CE5C004B8A9D /* en */ = {isa = PBXFileReference; lastKnownFileType = text.plist.strings; name = en; path = en.lproj/APIClient.strings; sourceTree = "<group>"; };
		A3D63BA72355CE5C004B8A9D /* nl */ = {isa = PBXFileReference; lastKnownFileType = text.plist.strings; name = nl; path = nl.lproj/APIClient.strings; sourceTree = "<group>"; };
		A829CF802D5444745C01BEB2 /* Pods-Networking.release.xcconfig */ = {isa = PBXFileReference; includeInIndex = 1; lastKnownFileType = text.xcconfig; name = "Pods-Networking.release.xcconfig"; path = "Pods/Target Support Files/Pods-Networking/Pods-Networking.release.xcconfig"; sourceTree = "<group>"; };
		B11E0BA5D571B181529F23A0 /* Pods-APIClient.release.xcconfig */ = {isa = PBXFileReference; includeInIndex = 1; lastKnownFileType = text.xcconfig; name = "Pods-APIClient.release.xcconfig"; path = "Pods/Target Support Files/Pods-APIClient/Pods-APIClient.release.xcconfig"; sourceTree = "<group>"; };
/* End PBXFileReference section */

/* Begin PBXFrameworksBuildPhase section */
		A315082A232EBC4000761F9A /* Frameworks */ = {
			isa = PBXFrameworksBuildPhase;
			buildActionMask = 2147483647;
			files = (
				1DE89D06D7BB6F4FD6816F4B /* Pods_APIClient.framework in Frameworks */,
			);
			runOnlyForDeploymentPostprocessing = 0;
		};
/* End PBXFrameworksBuildPhase section */

/* Begin PBXGroup section */
		A3150824232EBC4000761F9A = {
			isa = PBXGroup;
			children = (
				A3D63BA32355CCA3004B8A9D /* APIClient.podspec */,
				A315082F232EBC4000761F9A /* APIClient */,
				A315082E232EBC4000761F9A /* Products */,
				E511FABB9AE54841C08AE9D8 /* Pods */,
				CB8E3645B0AC55153E4B297E /* Frameworks */,
			);
			sourceTree = "<group>";
		};
		A315082E232EBC4000761F9A /* Products */ = {
			isa = PBXGroup;
			children = (
				A315082D232EBC4000761F9A /* APIClient.app */,
			);
			name = Products;
			sourceTree = "<group>";
		};
		A315082F232EBC4000761F9A /* APIClient */ = {
			isa = PBXGroup;
			children = (
				A360095023525A4600314C8C /* Services */,
				A3150847232FE6D800761F9A /* JSON */,
				A3150844232FDF5800761F9A /* Model */,
				A3B84011232EBD1C007DBBD8 /* Source */,
				A3D63BA42355CE5C004B8A9D /* Resource */,
				A315084A233000C600761F9A /* Utils */,
				A3150830232EBC4000761F9A /* AppDelegate.swift */,
				A3150832232EBC4000761F9A /* ViewController.swift */,
				A3150834232EBC4000761F9A /* Main.storyboard */,
				A3150837232EBC4100761F9A /* Assets.xcassets */,
				A3150839232EBC4100761F9A /* LaunchScreen.storyboard */,
				A315083C232EBC4100761F9A /* Info.plist */,
			);
			path = APIClient;
			sourceTree = "<group>";
		};
		A3150844232FDF5800761F9A /* Model */ = {
			isa = PBXGroup;
			children = (
				A3150845232FDF7300761F9A /* User.swift */,
			);
			path = Model;
			sourceTree = "<group>";
		};
		A3150847232FE6D800761F9A /* JSON */ = {
			isa = PBXGroup;
			children = (
				A3150848232FE7F900761F9A /* user.json */,
			);
			path = JSON;
			sourceTree = "<group>";
		};
		A315084A233000C600761F9A /* Utils */ = {
			isa = PBXGroup;
			children = (
				A315084B233000CE00761F9A /* Extensions */,
			);
			path = Utils;
			sourceTree = "<group>";
		};
		A315084B233000CE00761F9A /* Extensions */ = {
			isa = PBXGroup;
			children = (
				A315084C2330010600761F9A /* Default+CustomStringConvertible.swift */,
			);
			path = Extensions;
			sourceTree = "<group>";
		};
		A360093B235259C600314C8C /* Errors */ = {
			isa = PBXGroup;
			children = (
				A360093C235259C600314C8C /* APIClientError.swift */,
				A360093D235259C600314C8C /* APIRemoteError.swift */,
				A360093E235259C600314C8C /* APIRuntimeError.swift */,
				A360093F235259C600314C8C /* APITimeoutError.swift */,
				A3600940235259C600314C8C /* APITransportError.swift */,
			);
			path = Errors;
			sourceTree = "<group>";
		};
		A360095023525A4600314C8C /* Services */ = {
			isa = PBXGroup;
			children = (
				A360095123525A5500314C8C /* APIClient */,
			);
			path = Services;
			sourceTree = "<group>";
		};
		A360095123525A5500314C8C /* APIClient */ = {
			isa = PBXGroup;
			children = (
				A360095223525AA200314C8C /* CustomAPIClientDelegate.swift */,
				A3B8401D232EBD1C007DBBD8 /* Requests */,
				A360095423525BED00314C8C /* Errors */,
			);
			path = APIClient;
			sourceTree = "<group>";
		};
		A360095423525BED00314C8C /* Errors */ = {
			isa = PBXGroup;
			children = (
				A360095523525BED00314C8C /* APIIncompatibleAppVersionError.swift */,
				A360095623525BED00314C8C /* APIServerOnMaintenanceError.swift */,
				A360095723525BED00314C8C /* APIUnauthorizedError.swift */,
			);
			path = Errors;
			sourceTree = "<group>";
		};
		A3B84011232EBD1C007DBBD8 /* Source */ = {
			isa = PBXGroup;
			children = (
				A3600937235259C600314C8C /* Alamofire+Foundation.swift */,
				A3600941235259C600314C8C /* Alamofire+TypedResponse.swift */,
				A360093A235259C600314C8C /* APIClient.swift */,
				A3600938235259C600314C8C /* ApiClient+Utils.swift */,
				A360093B235259C600314C8C /* Errors */,
				A3B84016232EBD1C007DBBD8 /* APIRequest */,
			);
			path = Source;
			sourceTree = "<group>";
		};
		A3B84016232EBD1C007DBBD8 /* APIRequest */ = {
			isa = PBXGroup;
			children = (
				A3B84017232EBD1C007DBBD8 /* APIRequest.swift */,
				A3B84018232EBD1C007DBBD8 /* FixedEndpointApiRequest.swift */,
				A3B84019232EBD1C007DBBD8 /* RestAPIRequest.swift */,
			);
			path = APIRequest;
			sourceTree = "<group>";
		};
		A3B8401D232EBD1C007DBBD8 /* Requests */ = {
			isa = PBXGroup;
			children = (
				A3B8402A232EBD1C007DBBD8 /* UserRequest.swift */,
			);
			path = Requests;
			sourceTree = "<group>";
		};
		A3D63BA42355CE5C004B8A9D /* Resource */ = {
			isa = PBXGroup;
			children = (
				A3D63BA52355CE5C004B8A9D /* APIClient.strings */,
			);
			path = Resource;
			sourceTree = "<group>";
		};
		CB8E3645B0AC55153E4B297E /* Frameworks */ = {
			isa = PBXGroup;
			children = (
				313E81889BB00E41B0220517 /* Pods_APIClient.framework */,
			);
			name = Frameworks;
			sourceTree = "<group>";
		};
		E511FABB9AE54841C08AE9D8 /* Pods */ = {
			isa = PBXGroup;
			children = (
				75F0D637BC41CC5DE6625CFF /* Pods-Networking.debug.xcconfig */,
				A829CF802D5444745C01BEB2 /* Pods-Networking.release.xcconfig */,
				15CB19F417ED492C379ACA96 /* Pods-APIClient.debug.xcconfig */,
				B11E0BA5D571B181529F23A0 /* Pods-APIClient.release.xcconfig */,
			);
			name = Pods;
			sourceTree = "<group>";
		};
/* End PBXGroup section */

/* Begin PBXNativeTarget section */
		A315082C232EBC4000761F9A /* APIClient */ = {
			isa = PBXNativeTarget;
			buildConfigurationList = A315083F232EBC4100761F9A /* Build configuration list for PBXNativeTarget "APIClient" */;
			buildPhases = (
				6CE11CA37F26361768C84E4A /* [CP] Check Pods Manifest.lock */,
				A3150829232EBC4000761F9A /* Sources */,
				A315082A232EBC4000761F9A /* Frameworks */,
				A315082B232EBC4000761F9A /* Resources */,
				6E83AC12D0C8E0A4F57092EF /* [CP] Embed Pods Frameworks */,
			);
			buildRules = (
			);
			dependencies = (
			);
			name = APIClient;
			productName = Networking;
			productReference = A315082D232EBC4000761F9A /* APIClient.app */;
			productType = "com.apple.product-type.application";
		};
/* End PBXNativeTarget section */

/* Begin PBXProject section */
		A3150825232EBC4000761F9A /* Project object */ = {
			isa = PBXProject;
			attributes = {
				LastSwiftUpdateCheck = 1030;
				LastUpgradeCheck = 1030;
				ORGANIZATIONNAME = YKL;
				TargetAttributes = {
					A315082C232EBC4000761F9A = {
						CreatedOnToolsVersion = 10.3;
					};
				};
			};
			buildConfigurationList = A3150828232EBC4000761F9A /* Build configuration list for PBXProject "APIClient" */;
			compatibilityVersion = "Xcode 9.3";
			developmentRegion = en;
			hasScannedForEncodings = 0;
			knownRegions = (
				en,
				Base,
				nl,
			);
			mainGroup = A3150824232EBC4000761F9A;
			productRefGroup = A315082E232EBC4000761F9A /* Products */;
			projectDirPath = "";
			projectRoot = "";
			targets = (
				A315082C232EBC4000761F9A /* APIClient */,
			);
		};
/* End PBXProject section */

/* Begin PBXResourcesBuildPhase section */
		A315082B232EBC4000761F9A /* Resources */ = {
			isa = PBXResourcesBuildPhase;
			buildActionMask = 2147483647;
			files = (
				A315083B232EBC4100761F9A /* LaunchScreen.storyboard in Resources */,
				A3150849232FE7F900761F9A /* user.json in Resources */,
				A3150838232EBC4100761F9A /* Assets.xcassets in Resources */,
				A3150836232EBC4000761F9A /* Main.storyboard in Resources */,
				A3D63BA82355CE5D004B8A9D /* APIClient.strings in Resources */,
			);
			runOnlyForDeploymentPostprocessing = 0;
		};
/* End PBXResourcesBuildPhase section */

/* Begin PBXShellScriptBuildPhase section */
		6CE11CA37F26361768C84E4A /* [CP] Check Pods Manifest.lock */ = {
			isa = PBXShellScriptBuildPhase;
			buildActionMask = 2147483647;
			files = (
			);
			inputPaths = (
				"${PODS_PODFILE_DIR_PATH}/Podfile.lock",
				"${PODS_ROOT}/Manifest.lock",
			);
			name = "[CP] Check Pods Manifest.lock";
			outputPaths = (
				"$(DERIVED_FILE_DIR)/Pods-APIClient-checkManifestLockResult.txt",
			);
			runOnlyForDeploymentPostprocessing = 0;
			shellPath = /bin/sh;
			shellScript = "diff \"${PODS_PODFILE_DIR_PATH}/Podfile.lock\" \"${PODS_ROOT}/Manifest.lock\" > /dev/null\nif [ $? != 0 ] ; then\n    # print error to STDERR\n    echo \"error: The sandbox is not in sync with the Podfile.lock. Run 'pod install' or update your CocoaPods installation.\" >&2\n    exit 1\nfi\n# This output is used by Xcode 'outputs' to avoid re-running this script phase.\necho \"SUCCESS\" > \"${SCRIPT_OUTPUT_FILE_0}\"\n";
			showEnvVarsInLog = 0;
		};
		6E83AC12D0C8E0A4F57092EF /* [CP] Embed Pods Frameworks */ = {
			isa = PBXShellScriptBuildPhase;
			buildActionMask = 2147483647;
			files = (
			);
			inputFileListPaths = (
				"${PODS_ROOT}/Target Support Files/Pods-APIClient/Pods-APIClient-frameworks-${CONFIGURATION}-input-files.xcfilelist",
			);
			name = "[CP] Embed Pods Frameworks";
			outputFileListPaths = (
				"${PODS_ROOT}/Target Support Files/Pods-APIClient/Pods-APIClient-frameworks-${CONFIGURATION}-output-files.xcfilelist",
			);
			runOnlyForDeploymentPostprocessing = 0;
			shellPath = /bin/sh;
			shellScript = "\"${PODS_ROOT}/Target Support Files/Pods-APIClient/Pods-APIClient-frameworks.sh\"\n";
			showEnvVarsInLog = 0;
		};
/* End PBXShellScriptBuildPhase section */

/* Begin PBXSourcesBuildPhase section */
		A3150829232EBC4000761F9A /* Sources */ = {
			isa = PBXSourcesBuildPhase;
			buildActionMask = 2147483647;
			files = (
				A3600948235259C600314C8C /* APIRuntimeError.swift in Sources */,
				A360094B235259C600314C8C /* Alamofire+TypedResponse.swift in Sources */,
				A3600947235259C600314C8C /* APIRemoteError.swift in Sources */,
				A3150833232EBC4000761F9A /* ViewController.swift in Sources */,
				A360095823525BED00314C8C /* APIIncompatibleAppVersionError.swift in Sources */,
				A360094A235259C600314C8C /* APITransportError.swift in Sources */,
				A3B84031232EBD1C007DBBD8 /* APIRequest.swift in Sources */,
				A360095A23525BED00314C8C /* APIUnauthorizedError.swift in Sources */,
				A3150831232EBC4000761F9A /* AppDelegate.swift in Sources */,
				A3600943235259C600314C8C /* ApiClient+Utils.swift in Sources */,
				A3B84032232EBD1C007DBBD8 /* FixedEndpointApiRequest.swift in Sources */,
				A360095323525BBC00314C8C /* CustomAPIClientDelegate.swift in Sources */,
				A3600945235259C600314C8C /* APIClient.swift in Sources */,
				A315084D2330010600761F9A /* Default+CustomStringConvertible.swift in Sources */,
				A3B84033232EBD1C007DBBD8 /* RestAPIRequest.swift in Sources */,
				A3600949235259C600314C8C /* APITimeoutError.swift in Sources */,
				A3B84040232EBD1C007DBBD8 /* UserRequest.swift in Sources */,
				A3600942235259C600314C8C /* Alamofire+Foundation.swift in Sources */,
				A360095923525BED00314C8C /* APIServerOnMaintenanceError.swift in Sources */,
				A3600946235259C600314C8C /* APIClientError.swift in Sources */,
				A3150846232FDF7300761F9A /* User.swift in Sources */,
			);
			runOnlyForDeploymentPostprocessing = 0;
		};
/* End PBXSourcesBuildPhase section */

/* Begin PBXVariantGroup section */
		A3150834232EBC4000761F9A /* Main.storyboard */ = {
			isa = PBXVariantGroup;
			children = (
				A3150835232EBC4000761F9A /* Base */,
			);
			name = Main.storyboard;
			sourceTree = "<group>";
		};
		A3150839232EBC4100761F9A /* LaunchScreen.storyboard */ = {
			isa = PBXVariantGroup;
			children = (
				A315083A232EBC4100761F9A /* Base */,
			);
			name = LaunchScreen.storyboard;
			sourceTree = "<group>";
		};
		A3D63BA52355CE5C004B8A9D /* APIClient.strings */ = {
			isa = PBXVariantGroup;
			children = (
				A3D63BA62355CE5C004B8A9D /* en */,
				A3D63BA72355CE5C004B8A9D /* nl */,
			);
			name = APIClient.strings;
			sourceTree = "<group>";
		};
/* End PBXVariantGroup section */

/* Begin XCBuildConfiguration section */
		A315083D232EBC4100761F9A /* Debug */ = {
			isa = XCBuildConfiguration;
			buildSettings = {
				ALWAYS_SEARCH_USER_PATHS = NO;
				CLANG_ANALYZER_NONNULL = YES;
				CLANG_ANALYZER_NUMBER_OBJECT_CONVERSION = YES_AGGRESSIVE;
				CLANG_CXX_LANGUAGE_STANDARD = "gnu++14";
				CLANG_CXX_LIBRARY = "libc++";
				CLANG_ENABLE_MODULES = YES;
				CLANG_ENABLE_OBJC_ARC = YES;
				CLANG_ENABLE_OBJC_WEAK = YES;
				CLANG_WARN_BLOCK_CAPTURE_AUTORELEASING = YES;
				CLANG_WARN_BOOL_CONVERSION = YES;
				CLANG_WARN_COMMA = YES;
				CLANG_WARN_CONSTANT_CONVERSION = YES;
				CLANG_WARN_DEPRECATED_OBJC_IMPLEMENTATIONS = YES;
				CLANG_WARN_DIRECT_OBJC_ISA_USAGE = YES_ERROR;
				CLANG_WARN_DOCUMENTATION_COMMENTS = YES;
				CLANG_WARN_EMPTY_BODY = YES;
				CLANG_WARN_ENUM_CONVERSION = YES;
				CLANG_WARN_INFINITE_RECURSION = YES;
				CLANG_WARN_INT_CONVERSION = YES;
				CLANG_WARN_NON_LITERAL_NULL_CONVERSION = YES;
				CLANG_WARN_OBJC_IMPLICIT_RETAIN_SELF = YES;
				CLANG_WARN_OBJC_LITERAL_CONVERSION = YES;
				CLANG_WARN_OBJC_ROOT_CLASS = YES_ERROR;
				CLANG_WARN_RANGE_LOOP_ANALYSIS = YES;
				CLANG_WARN_STRICT_PROTOTYPES = YES;
				CLANG_WARN_SUSPICIOUS_MOVE = YES;
				CLANG_WARN_UNGUARDED_AVAILABILITY = YES_AGGRESSIVE;
				CLANG_WARN_UNREACHABLE_CODE = YES;
				CLANG_WARN__DUPLICATE_METHOD_MATCH = YES;
				CODE_SIGN_IDENTITY = "iPhone Developer";
				COPY_PHASE_STRIP = NO;
				DEBUG_INFORMATION_FORMAT = dwarf;
				ENABLE_STRICT_OBJC_MSGSEND = YES;
				ENABLE_TESTABILITY = YES;
				GCC_C_LANGUAGE_STANDARD = gnu11;
				GCC_DYNAMIC_NO_PIC = NO;
				GCC_NO_COMMON_BLOCKS = YES;
				GCC_OPTIMIZATION_LEVEL = 0;
				GCC_PREPROCESSOR_DEFINITIONS = (
					"DEBUG=1",
					"$(inherited)",
				);
				GCC_WARN_64_TO_32_BIT_CONVERSION = YES;
				GCC_WARN_ABOUT_RETURN_TYPE = YES_ERROR;
				GCC_WARN_UNDECLARED_SELECTOR = YES;
				GCC_WARN_UNINITIALIZED_AUTOS = YES_AGGRESSIVE;
				GCC_WARN_UNUSED_FUNCTION = YES;
				GCC_WARN_UNUSED_VARIABLE = YES;
				IPHONEOS_DEPLOYMENT_TARGET = 12.4;
				MTL_ENABLE_DEBUG_INFO = INCLUDE_SOURCE;
				MTL_FAST_MATH = YES;
				ONLY_ACTIVE_ARCH = YES;
				SDKROOT = iphoneos;
				SWIFT_ACTIVE_COMPILATION_CONDITIONS = DEBUG;
				SWIFT_OPTIMIZATION_LEVEL = "-Onone";
			};
			name = Debug;
		};
		A315083E232EBC4100761F9A /* Release */ = {
			isa = XCBuildConfiguration;
			buildSettings = {
				ALWAYS_SEARCH_USER_PATHS = NO;
				CLANG_ANALYZER_NONNULL = YES;
				CLANG_ANALYZER_NUMBER_OBJECT_CONVERSION = YES_AGGRESSIVE;
				CLANG_CXX_LANGUAGE_STANDARD = "gnu++14";
				CLANG_CXX_LIBRARY = "libc++";
				CLANG_ENABLE_MODULES = YES;
				CLANG_ENABLE_OBJC_ARC = YES;
				CLANG_ENABLE_OBJC_WEAK = YES;
				CLANG_WARN_BLOCK_CAPTURE_AUTORELEASING = YES;
				CLANG_WARN_BOOL_CONVERSION = YES;
				CLANG_WARN_COMMA = YES;
				CLANG_WARN_CONSTANT_CONVERSION = YES;
				CLANG_WARN_DEPRECATED_OBJC_IMPLEMENTATIONS = YES;
				CLANG_WARN_DIRECT_OBJC_ISA_USAGE = YES_ERROR;
				CLANG_WARN_DOCUMENTATION_COMMENTS = YES;
				CLANG_WARN_EMPTY_BODY = YES;
				CLANG_WARN_ENUM_CONVERSION = YES;
				CLANG_WARN_INFINITE_RECURSION = YES;
				CLANG_WARN_INT_CONVERSION = YES;
				CLANG_WARN_NON_LITERAL_NULL_CONVERSION = YES;
				CLANG_WARN_OBJC_IMPLICIT_RETAIN_SELF = YES;
				CLANG_WARN_OBJC_LITERAL_CONVERSION = YES;
				CLANG_WARN_OBJC_ROOT_CLASS = YES_ERROR;
				CLANG_WARN_RANGE_LOOP_ANALYSIS = YES;
				CLANG_WARN_STRICT_PROTOTYPES = YES;
				CLANG_WARN_SUSPICIOUS_MOVE = YES;
				CLANG_WARN_UNGUARDED_AVAILABILITY = YES_AGGRESSIVE;
				CLANG_WARN_UNREACHABLE_CODE = YES;
				CLANG_WARN__DUPLICATE_METHOD_MATCH = YES;
				CODE_SIGN_IDENTITY = "iPhone Developer";
				COPY_PHASE_STRIP = NO;
				DEBUG_INFORMATION_FORMAT = "dwarf-with-dsym";
				ENABLE_NS_ASSERTIONS = NO;
				ENABLE_STRICT_OBJC_MSGSEND = YES;
				GCC_C_LANGUAGE_STANDARD = gnu11;
				GCC_NO_COMMON_BLOCKS = YES;
				GCC_WARN_64_TO_32_BIT_CONVERSION = YES;
				GCC_WARN_ABOUT_RETURN_TYPE = YES_ERROR;
				GCC_WARN_UNDECLARED_SELECTOR = YES;
				GCC_WARN_UNINITIALIZED_AUTOS = YES_AGGRESSIVE;
				GCC_WARN_UNUSED_FUNCTION = YES;
				GCC_WARN_UNUSED_VARIABLE = YES;
				IPHONEOS_DEPLOYMENT_TARGET = 12.4;
				MTL_ENABLE_DEBUG_INFO = NO;
				MTL_FAST_MATH = YES;
				SDKROOT = iphoneos;
				SWIFT_COMPILATION_MODE = wholemodule;
				SWIFT_OPTIMIZATION_LEVEL = "-O";
				VALIDATE_PRODUCT = YES;
			};
			name = Release;
		};
		A3150840232EBC4100761F9A /* Debug */ = {
			isa = XCBuildConfiguration;
			baseConfigurationReference = 15CB19F417ED492C379ACA96 /* Pods-APIClient.debug.xcconfig */;
			buildSettings = {
				ASSETCATALOG_COMPILER_APPICON_NAME = AppIcon;
				CODE_SIGN_STYLE = Automatic;
				DEVELOPMENT_TEAM = USLKYSJTA7;
				INFOPLIST_FILE = APIClient/Info.plist;
				IPHONEOS_DEPLOYMENT_TARGET = 12.0;
				LD_RUNPATH_SEARCH_PATHS = (
					"$(inherited)",
					"@executable_path/Frameworks",
				);
				PRODUCT_BUNDLE_IDENTIFIER = YKL.APIClient;
				PRODUCT_NAME = "$(TARGET_NAME)";
				SWIFT_VERSION = 5.0;
				TARGETED_DEVICE_FAMILY = "1,2";
			};
			name = Debug;
		};
		A3150841232EBC4100761F9A /* Release */ = {
			isa = XCBuildConfiguration;
			baseConfigurationReference = B11E0BA5D571B181529F23A0 /* Pods-APIClient.release.xcconfig */;
			buildSettings = {
				ASSETCATALOG_COMPILER_APPICON_NAME = AppIcon;
				CODE_SIGN_STYLE = Automatic;
				DEVELOPMENT_TEAM = USLKYSJTA7;
				INFOPLIST_FILE = APIClient/Info.plist;
				IPHONEOS_DEPLOYMENT_TARGET = 12.0;
				LD_RUNPATH_SEARCH_PATHS = (
					"$(inherited)",
					"@executable_path/Frameworks",
				);
				PRODUCT_BUNDLE_IDENTIFIER = YKL.APIClient;
				PRODUCT_NAME = "$(TARGET_NAME)";
				SWIFT_VERSION = 5.0;
				TARGETED_DEVICE_FAMILY = "1,2";
			};
			name = Release;
		};
/* End XCBuildConfiguration section */

/* Begin XCConfigurationList section */
		A3150828232EBC4000761F9A /* Build configuration list for PBXProject "APIClient" */ = {
			isa = XCConfigurationList;
			buildConfigurations = (
				A315083D232EBC4100761F9A /* Debug */,
				A315083E232EBC4100761F9A /* Release */,
			);
			defaultConfigurationIsVisible = 0;
			defaultConfigurationName = Release;
		};
		A315083F232EBC4100761F9A /* Build configuration list for PBXNativeTarget "APIClient" */ = {
			isa = XCConfigurationList;
			buildConfigurations = (
				A3150840232EBC4100761F9A /* Debug */,
				A3150841232EBC4100761F9A /* Release */,
			);
			defaultConfigurationIsVisible = 0;
			defaultConfigurationName = Release;
		};
/* End XCConfigurationList section */
	};
	rootObject = A3150825232EBC4000761F9A /* Project object */;
}
